// !$*UTF8*$!
{
	archiveVersion = 1;
	classes = {
	};
	objectVersion = 46;
	objects = {

/* Begin PBXBuildFile section */
		D047CB751D3242B60071F26E /* AppDelegate.swift in Sources */ = {isa = PBXBuildFile; fileRef = D047CB741D3242B60071F26E /* AppDelegate.swift */; };
		D047CB771D3242B60071F26E /* CalculatorViewController.swift in Sources */ = {isa = PBXBuildFile; fileRef = D047CB761D3242B60071F26E /* CalculatorViewController.swift */; };
		D047CB7A1D3242B60071F26E /* Main.storyboard in Resources */ = {isa = PBXBuildFile; fileRef = D047CB781D3242B60071F26E /* Main.storyboard */; };
		D047CB7C1D3242B60071F26E /* Assets.xcassets in Resources */ = {isa = PBXBuildFile; fileRef = D047CB7B1D3242B60071F26E /* Assets.xcassets */; };
		D047CB7F1D3242B60071F26E /* LaunchScreen.storyboard in Resources */ = {isa = PBXBuildFile; fileRef = D047CB7D1D3242B60071F26E /* LaunchScreen.storyboard */; };
		D047CB951D3242B60071F26E /* Calculator4FollowingLectureUITests.swift in Sources */ = {isa = PBXBuildFile; fileRef = D047CB941D3242B60071F26E /* Calculator4FollowingLectureUITests.swift */; };
		D047CBA31D325EE20071F26E /* CalculatorBrain.swift in Sources */ = {isa = PBXBuildFile; fileRef = D047CBA21D325EE20071F26E /* CalculatorBrain.swift */; };
		D06D13121D4EFAEB0086AEBB /* AxesDrawer.swift in Sources */ = {isa = PBXBuildFile; fileRef = D06D13111D4EFAEB0086AEBB /* AxesDrawer.swift */; };
		D0938F3D1D3EFF5000FB3D38 /* Calculator4FollowingLectureWithListOfTODOsTests.swift in Sources */ = {isa = PBXBuildFile; fileRef = D0938F3C1D3EFF5000FB3D38 /* Calculator4FollowingLectureWithListOfTODOsTests.swift */; };
		D0966CE11D5AC57E000CB3E4 /* ListOfClassTasks.swift in Sources */ = {isa = PBXBuildFile; fileRef = D0966CE01D5AC57E000CB3E4 /* ListOfClassTasks.swift */; };
		D0966CE41D5ACAC8000CB3E4 /* GraphViewController.swift in Sources */ = {isa = PBXBuildFile; fileRef = D0966CE31D5ACAC8000CB3E4 /* GraphViewController.swift */; };
		D0966CE61D5ACB2D000CB3E4 /* GraphView.swift in Sources */ = {isa = PBXBuildFile; fileRef = D0966CE51D5ACB2D000CB3E4 /* GraphView.swift */; };
		D0966D381D613DBF000CB3E4 /* ProtocolsAndExtensions.swift in Sources */ = {isa = PBXBuildFile; fileRef = D0966D371D613DBF000CB3E4 /* ProtocolsAndExtensions.swift */; };
/* End PBXBuildFile section */

/* Begin PBXContainerItemProxy section */
		D047CB911D3242B60071F26E /* PBXContainerItemProxy */ = {
			isa = PBXContainerItemProxy;
			containerPortal = D047CB691D3242B50071F26E /* Project object */;
			proxyType = 1;
			remoteGlobalIDString = D047CB701D3242B50071F26E;
			remoteInfo = Calculator4FollowingLecture;
		};
		D0938F3F1D3EFF5000FB3D38 /* PBXContainerItemProxy */ = {
			isa = PBXContainerItemProxy;
			containerPortal = D047CB691D3242B50071F26E /* Project object */;
			proxyType = 1;
			remoteGlobalIDString = D047CB701D3242B50071F26E;
			remoteInfo = Calculator4FollowingLectureWithListOfTODOs;
		};
/* End PBXContainerItemProxy section */

/* Begin PBXFileReference section */
		D047CB711D3242B50071F26E /* Calculator4FollowingLectureWithListOfTODOs.app */ = {isa = PBXFileReference; explicitFileType = wrapper.application; includeInIndex = 0; path = Calculator4FollowingLectureWithListOfTODOs.app; sourceTree = BUILT_PRODUCTS_DIR; };
		D047CB741D3242B60071F26E /* AppDelegate.swift */ = {isa = PBXFileReference; lastKnownFileType = sourcecode.swift; path = AppDelegate.swift; sourceTree = "<group>"; };
		D047CB761D3242B60071F26E /* CalculatorViewController.swift */ = {isa = PBXFileReference; lastKnownFileType = sourcecode.swift; path = CalculatorViewController.swift; sourceTree = "<group>"; };
		D047CB791D3242B60071F26E /* Base */ = {isa = PBXFileReference; lastKnownFileType = file.storyboard; name = Base; path = Base.lproj/Main.storyboard; sourceTree = "<group>"; };
		D047CB7B1D3242B60071F26E /* Assets.xcassets */ = {isa = PBXFileReference; lastKnownFileType = folder.assetcatalog; path = Assets.xcassets; sourceTree = "<group>"; };
		D047CB7E1D3242B60071F26E /* Base */ = {isa = PBXFileReference; lastKnownFileType = file.storyboard; name = Base; path = Base.lproj/LaunchScreen.storyboard; sourceTree = "<group>"; };
		D047CB801D3242B60071F26E /* Info.plist */ = {isa = PBXFileReference; lastKnownFileType = text.plist.xml; path = Info.plist; sourceTree = "<group>"; };
		D047CB901D3242B60071F26E /* Calculator4FollowingLectureWithListOfTODOs.xctest */ = {isa = PBXFileReference; explicitFileType = wrapper.cfbundle; includeInIndex = 0; path = Calculator4FollowingLectureWithListOfTODOs.xctest; sourceTree = BUILT_PRODUCTS_DIR; };
		D047CB941D3242B60071F26E /* Calculator4FollowingLectureUITests.swift */ = {isa = PBXFileReference; lastKnownFileType = sourcecode.swift; path = Calculator4FollowingLectureUITests.swift; sourceTree = "<group>"; };
		D047CB961D3242B60071F26E /* Info.plist */ = {isa = PBXFileReference; lastKnownFileType = text.plist.xml; path = Info.plist; sourceTree = "<group>"; };
		D047CBA21D325EE20071F26E /* CalculatorBrain.swift */ = {isa = PBXFileReference; fileEncoding = 4; lastKnownFileType = sourcecode.swift; path = CalculatorBrain.swift; sourceTree = "<group>"; };
		D06D13111D4EFAEB0086AEBB /* AxesDrawer.swift */ = {isa = PBXFileReference; fileEncoding = 4; lastKnownFileType = sourcecode.swift; path = AxesDrawer.swift; sourceTree = "<group>"; };
		D0938F3A1D3EFF5000FB3D38 /* Calculator4FollowingLectureWithListOfTODOsTests.xctest */ = {isa = PBXFileReference; explicitFileType = wrapper.cfbundle; includeInIndex = 0; path = Calculator4FollowingLectureWithListOfTODOsTests.xctest; sourceTree = BUILT_PRODUCTS_DIR; };
		D0938F3C1D3EFF5000FB3D38 /* Calculator4FollowingLectureWithListOfTODOsTests.swift */ = {isa = PBXFileReference; lastKnownFileType = sourcecode.swift; path = Calculator4FollowingLectureWithListOfTODOsTests.swift; sourceTree = "<group>"; };
		D0938F3E1D3EFF5000FB3D38 /* Info.plist */ = {isa = PBXFileReference; lastKnownFileType = text.plist.xml; path = Info.plist; sourceTree = "<group>"; };
		D0966CE01D5AC57E000CB3E4 /* ListOfClassTasks.swift */ = {isa = PBXFileReference; fileEncoding = 4; lastKnownFileType = sourcecode.swift; name = ListOfClassTasks.swift; path = ../ListOfClassTasks.swift; sourceTree = "<group>"; };
		D0966CE31D5ACAC8000CB3E4 /* GraphViewController.swift */ = {isa = PBXFileReference; fileEncoding = 4; lastKnownFileType = sourcecode.swift; path = GraphViewController.swift; sourceTree = "<group>"; };
		D0966CE51D5ACB2D000CB3E4 /* GraphView.swift */ = {isa = PBXFileReference; fileEncoding = 4; lastKnownFileType = sourcecode.swift; path = GraphView.swift; sourceTree = "<group>"; };
		D0966D371D613DBF000CB3E4 /* ProtocolsAndExtensions.swift */ = {isa = PBXFileReference; fileEncoding = 4; lastKnownFileType = sourcecode.swift; name = ProtocolsAndExtensions.swift; path = ../ProtocolsAndExtensions.swift; sourceTree = "<group>"; };
/* End PBXFileReference section */

/* Begin PBXFrameworksBuildPhase section */
		D047CB6E1D3242B50071F26E /* Frameworks */ = {
			isa = PBXFrameworksBuildPhase;
			buildActionMask = 2147483647;
			files = (
			);
			runOnlyForDeploymentPostprocessing = 0;
		};
		D047CB8D1D3242B60071F26E /* Frameworks */ = {
			isa = PBXFrameworksBuildPhase;
			buildActionMask = 2147483647;
			files = (
			);
			runOnlyForDeploymentPostprocessing = 0;
		};
		D0938F371D3EFF5000FB3D38 /* Frameworks */ = {
			isa = PBXFrameworksBuildPhase;
			buildActionMask = 2147483647;
			files = (
			);
			runOnlyForDeploymentPostprocessing = 0;
		};
/* End PBXFrameworksBuildPhase section */

/* Begin PBXGroup section */
		D047CB681D3242B50071F26E = {
			isa = PBXGroup;
			children = (
				D047CB731D3242B60071F26E /* Calculator4FollowingLectureWithListOfTODOs */,
				D0938F3B1D3EFF5000FB3D38 /* Calculator4FollowingLectureWithListOfTODOsTests */,
				D047CB931D3242B60071F26E /* Calculator4FollowingLectureUITests */,
				D047CB721D3242B50071F26E /* Products */,
			);
			sourceTree = "<group>";
		};
		D047CB721D3242B50071F26E /* Products */ = {
			isa = PBXGroup;
			children = (
				D047CB711D3242B50071F26E /* Calculator4FollowingLectureWithListOfTODOs.app */,
				D047CB901D3242B60071F26E /* Calculator4FollowingLectureWithListOfTODOs.xctest */,
				D0938F3A1D3EFF5000FB3D38 /* Calculator4FollowingLectureWithListOfTODOsTests.xctest */,
			);
			name = Products;
			sourceTree = "<group>";
		};
		D047CB731D3242B60071F26E /* Calculator4FollowingLectureWithListOfTODOs */ = {
			isa = PBXGroup;
			children = (
				D06D13111D4EFAEB0086AEBB /* AxesDrawer.swift */,
				D047CB761D3242B60071F26E /* CalculatorViewController.swift */,
				D047CBA21D325EE20071F26E /* CalculatorBrain.swift */,
				D0966CE31D5ACAC8000CB3E4 /* GraphViewController.swift */,
				D0966CE51D5ACB2D000CB3E4 /* GraphView.swift */,
				D047CB781D3242B60071F26E /* Main.storyboard */,
				D0966D371D613DBF000CB3E4 /* ProtocolsAndExtensions.swift */,
				D0966CE21D5ACAA7000CB3E4 /* Supporting Files */,
				D0966CE01D5AC57E000CB3E4 /* ListOfClassTasks.swift */,
			);
			name = Calculator4FollowingLectureWithListOfTODOs;
			path = Calculator4FollowingLecture;
			sourceTree = "<group>";
		};
		D047CB931D3242B60071F26E /* Calculator4FollowingLectureUITests */ = {
			isa = PBXGroup;
			children = (
				D047CB941D3242B60071F26E /* Calculator4FollowingLectureUITests.swift */,
				D047CB961D3242B60071F26E /* Info.plist */,
			);
			path = Calculator4FollowingLectureUITests;
			sourceTree = "<group>";
		};
		D0938F3B1D3EFF5000FB3D38 /* Calculator4FollowingLectureWithListOfTODOsTests */ = {
			isa = PBXGroup;
			children = (
				D0938F3C1D3EFF5000FB3D38 /* Calculator4FollowingLectureWithListOfTODOsTests.swift */,
				D0938F3E1D3EFF5000FB3D38 /* Info.plist */,
			);
			path = Calculator4FollowingLectureWithListOfTODOsTests;
			sourceTree = "<group>";
		};
		D0966CE21D5ACAA7000CB3E4 /* Supporting Files */ = {
			isa = PBXGroup;
			children = (
				D047CB7B1D3242B60071F26E /* Assets.xcassets */,
				D047CB741D3242B60071F26E /* AppDelegate.swift */,
				D047CB7D1D3242B60071F26E /* LaunchScreen.storyboard */,
				D047CB801D3242B60071F26E /* Info.plist */,
			);
			name = "Supporting Files";
			sourceTree = "<group>";
		};
/* End PBXGroup section */

/* Begin PBXNativeTarget section */
		D047CB701D3242B50071F26E /* Calculator4FollowingLectureWithListOfTODOs */ = {
			isa = PBXNativeTarget;
			buildConfigurationList = D047CB991D3242B60071F26E /* Build configuration list for PBXNativeTarget "Calculator4FollowingLectureWithListOfTODOs" */;
			buildPhases = (
				D047CB6D1D3242B50071F26E /* Sources */,
				D047CB6E1D3242B50071F26E /* Frameworks */,
				D047CB6F1D3242B50071F26E /* Resources */,
			);
			buildRules = (
			);
			dependencies = (
			);
			name = Calculator4FollowingLectureWithListOfTODOs;
			productName = Calculator4FollowingLecture;
			productReference = D047CB711D3242B50071F26E /* Calculator4FollowingLectureWithListOfTODOs.app */;
			productType = "com.apple.product-type.application";
		};
		D047CB8F1D3242B60071F26E /* Calculator4FollowingLectureWithListOfTODOsUITests */ = {
			isa = PBXNativeTarget;
			buildConfigurationList = D047CB9F1D3242B60071F26E /* Build configuration list for PBXNativeTarget "Calculator4FollowingLectureWithListOfTODOsUITests" */;
			buildPhases = (
				D047CB8C1D3242B60071F26E /* Sources */,
				D047CB8D1D3242B60071F26E /* Frameworks */,
				D047CB8E1D3242B60071F26E /* Resources */,
			);
			buildRules = (
			);
			dependencies = (
				D047CB921D3242B60071F26E /* PBXTargetDependency */,
			);
			name = Calculator4FollowingLectureWithListOfTODOsUITests;
			productName = Calculator4FollowingLectureUITests;
			productReference = D047CB901D3242B60071F26E /* Calculator4FollowingLectureWithListOfTODOs.xctest */;
			productType = "com.apple.product-type.bundle.ui-testing";
		};
		D0938F391D3EFF5000FB3D38 /* Calculator4FollowingLectureWithListOfTODOsTests */ = {
			isa = PBXNativeTarget;
			buildConfigurationList = D0938F411D3EFF5000FB3D38 /* Build configuration list for PBXNativeTarget "Calculator4FollowingLectureWithListOfTODOsTests" */;
			buildPhases = (
				D0938F361D3EFF5000FB3D38 /* Sources */,
				D0938F371D3EFF5000FB3D38 /* Frameworks */,
				D0938F381D3EFF5000FB3D38 /* Resources */,
			);
			buildRules = (
			);
			dependencies = (
				D0938F401D3EFF5000FB3D38 /* PBXTargetDependency */,
			);
			name = Calculator4FollowingLectureWithListOfTODOsTests;
			productName = Calculator4FollowingLectureWithListOfTODOsTests;
			productReference = D0938F3A1D3EFF5000FB3D38 /* Calculator4FollowingLectureWithListOfTODOsTests.xctest */;
			productType = "com.apple.product-type.bundle.unit-test";
		};
/* End PBXNativeTarget section */

/* Begin PBXProject section */
		D047CB691D3242B50071F26E /* Project object */ = {
			isa = PBXProject;
			attributes = {
				LastSwiftUpdateCheck = 0730;
				LastUpgradeCheck = 0730;
				ORGANIZATIONNAME = justin;
				TargetAttributes = {
					D047CB701D3242B50071F26E = {
						CreatedOnToolsVersion = 7.3.1;
						DevelopmentTeam = 6B2H5F362E;
					};
					D047CB8F1D3242B60071F26E = {
						CreatedOnToolsVersion = 7.3.1;
						DevelopmentTeam = 6B2H5F362E;
						TestTargetID = D047CB701D3242B50071F26E;
					};
					D0938F391D3EFF5000FB3D38 = {
						CreatedOnToolsVersion = 7.3.1;
						DevelopmentTeam = 6B2H5F362E;
						TestTargetID = D047CB701D3242B50071F26E;
					};
				};
			};
			buildConfigurationList = D047CB6C1D3242B50071F26E /* Build configuration list for PBXProject "Calculator4FollowingLectureWithListOfTODOs" */;
			compatibilityVersion = "Xcode 3.2";
			developmentRegion = English;
			hasScannedForEncodings = 0;
			knownRegions = (
				en,
				Base,
			);
			mainGroup = D047CB681D3242B50071F26E;
			productRefGroup = D047CB721D3242B50071F26E /* Products */;
			projectDirPath = "";
			projectRoot = "";
			targets = (
				D047CB701D3242B50071F26E /* Calculator4FollowingLectureWithListOfTODOs */,
				D047CB8F1D3242B60071F26E /* Calculator4FollowingLectureWithListOfTODOsUITests */,
				D0938F391D3EFF5000FB3D38 /* Calculator4FollowingLectureWithListOfTODOsTests */,
			);
		};
/* End PBXProject section */

/* Begin PBXResourcesBuildPhase section */
		D047CB6F1D3242B50071F26E /* Resources */ = {
			isa = PBXResourcesBuildPhase;
			buildActionMask = 2147483647;
			files = (
				D047CB7F1D3242B60071F26E /* LaunchScreen.storyboard in Resources */,
				D047CB7C1D3242B60071F26E /* Assets.xcassets in Resources */,
				D047CB7A1D3242B60071F26E /* Main.storyboard in Resources */,
			);
			runOnlyForDeploymentPostprocessing = 0;
		};
		D047CB8E1D3242B60071F26E /* Resources */ = {
			isa = PBXResourcesBuildPhase;
			buildActionMask = 2147483647;
			files = (
			);
			runOnlyForDeploymentPostprocessing = 0;
		};
		D0938F381D3EFF5000FB3D38 /* Resources */ = {
			isa = PBXResourcesBuildPhase;
			buildActionMask = 2147483647;
			files = (
			);
			runOnlyForDeploymentPostprocessing = 0;
		};
/* End PBXResourcesBuildPhase section */

/* Begin PBXSourcesBuildPhase section */
		D047CB6D1D3242B50071F26E /* Sources */ = {
			isa = PBXSourcesBuildPhase;
			buildActionMask = 2147483647;
			files = (
				D047CBA31D325EE20071F26E /* CalculatorBrain.swift in Sources */,
				D06D13121D4EFAEB0086AEBB /* AxesDrawer.swift in Sources */,
				D0966CE61D5ACB2D000CB3E4 /* GraphView.swift in Sources */,
				D047CB771D3242B60071F26E /* CalculatorViewController.swift in Sources */,
				D0966CE41D5ACAC8000CB3E4 /* GraphViewController.swift in Sources */,
				D047CB751D3242B60071F26E /* AppDelegate.swift in Sources */,
				D0966CE11D5AC57E000CB3E4 /* ListOfClassTasks.swift in Sources */,
				D0966D381D613DBF000CB3E4 /* ProtocolsAndExtensions.swift in Sources */,
			);
			runOnlyForDeploymentPostprocessing = 0;
		};
		D047CB8C1D3242B60071F26E /* Sources */ = {
			isa = PBXSourcesBuildPhase;
			buildActionMask = 2147483647;
			files = (
				D047CB951D3242B60071F26E /* Calculator4FollowingLectureUITests.swift in Sources */,
			);
			runOnlyForDeploymentPostprocessing = 0;
		};
		D0938F361D3EFF5000FB3D38 /* Sources */ = {
			isa = PBXSourcesBuildPhase;
			buildActionMask = 2147483647;
			files = (
				D0938F3D1D3EFF5000FB3D38 /* Calculator4FollowingLectureWithListOfTODOsTests.swift in Sources */,
			);
			runOnlyForDeploymentPostprocessing = 0;
		};
/* End PBXSourcesBuildPhase section */

/* Begin PBXTargetDependency section */
		D047CB921D3242B60071F26E /* PBXTargetDependency */ = {
			isa = PBXTargetDependency;
			target = D047CB701D3242B50071F26E /* Calculator4FollowingLectureWithListOfTODOs */;
			targetProxy = D047CB911D3242B60071F26E /* PBXContainerItemProxy */;
		};
		D0938F401D3EFF5000FB3D38 /* PBXTargetDependency */ = {
			isa = PBXTargetDependency;
			target = D047CB701D3242B50071F26E /* Calculator4FollowingLectureWithListOfTODOs */;
			targetProxy = D0938F3F1D3EFF5000FB3D38 /* PBXContainerItemProxy */;
		};
/* End PBXTargetDependency section */

/* Begin PBXVariantGroup section */
		D047CB781D3242B60071F26E /* Main.storyboard */ = {
			isa = PBXVariantGroup;
			children = (
				D047CB791D3242B60071F26E /* Base */,
			);
			name = Main.storyboard;
			sourceTree = "<group>";
		};
		D047CB7D1D3242B60071F26E /* LaunchScreen.storyboard */ = {
			isa = PBXVariantGroup;
			children = (
				D047CB7E1D3242B60071F26E /* Base */,
			);
			name = LaunchScreen.storyboard;
			sourceTree = "<group>";
		};
/* End PBXVariantGroup section */

/* Begin XCBuildConfiguration section */
		D047CB971D3242B60071F26E /* Debug */ = {
			isa = XCBuildConfiguration;
			buildSettings = {
				ALWAYS_SEARCH_USER_PATHS = NO;
				CLANG_ANALYZER_NONNULL = YES;
				CLANG_CXX_LANGUAGE_STANDARD = "gnu++0x";
				CLANG_CXX_LIBRARY = "libc++";
				CLANG_ENABLE_MODULES = YES;
				CLANG_ENABLE_OBJC_ARC = YES;
				CLANG_WARN_BOOL_CONVERSION = YES;
				CLANG_WARN_CONSTANT_CONVERSION = YES;
				CLANG_WARN_DIRECT_OBJC_ISA_USAGE = YES_ERROR;
				CLANG_WARN_EMPTY_BODY = YES;
				CLANG_WARN_ENUM_CONVERSION = YES;
				CLANG_WARN_INT_CONVERSION = YES;
				CLANG_WARN_OBJC_ROOT_CLASS = YES_ERROR;
				CLANG_WARN_UNREACHABLE_CODE = YES;
				CLANG_WARN__DUPLICATE_METHOD_MATCH = YES;
				"CODE_SIGN_IDENTITY[sdk=iphoneos*]" = "iPhone Developer";
				COPY_PHASE_STRIP = NO;
				DEBUG_INFORMATION_FORMAT = dwarf;
				ENABLE_STRICT_OBJC_MSGSEND = YES;
				ENABLE_TESTABILITY = YES;
				GCC_C_LANGUAGE_STANDARD = gnu99;
				GCC_DYNAMIC_NO_PIC = NO;
				GCC_NO_COMMON_BLOCKS = YES;
				GCC_OPTIMIZATION_LEVEL = 0;
				GCC_PREPROCESSOR_DEFINITIONS = (
					"DEBUG=1",
					"$(inherited)",
				);
				GCC_WARN_64_TO_32_BIT_CONVERSION = YES;
				GCC_WARN_ABOUT_RETURN_TYPE = YES_ERROR;
				GCC_WARN_UNDECLARED_SELECTOR = YES;
				GCC_WARN_UNINITIALIZED_AUTOS = YES_AGGRESSIVE;
				GCC_WARN_UNUSED_FUNCTION = YES;
				GCC_WARN_UNUSED_VARIABLE = YES;
				IPHONEOS_DEPLOYMENT_TARGET = 9.3;
				MTL_ENABLE_DEBUG_INFO = YES;
				ONLY_ACTIVE_ARCH = YES;
				SDKROOT = iphoneos;
				SWIFT_OPTIMIZATION_LEVEL = "-Onone";
				TARGETED_DEVICE_FAMILY = "1,2";
			};
			name = Debug;
		};
		D047CB981D3242B60071F26E /* Release */ = {
			isa = XCBuildConfiguration;
			buildSettings = {
				ALWAYS_SEARCH_USER_PATHS = NO;
				CLANG_ANALYZER_NONNULL = YES;
				CLANG_CXX_LANGUAGE_STANDARD = "gnu++0x";
				CLANG_CXX_LIBRARY = "libc++";
				CLANG_ENABLE_MODULES = YES;
				CLANG_ENABLE_OBJC_ARC = YES;
				CLANG_WARN_BOOL_CONVERSION = YES;
				CLANG_WARN_CONSTANT_CONVERSION = YES;
				CLANG_WARN_DIRECT_OBJC_ISA_USAGE = YES_ERROR;
				CLANG_WARN_EMPTY_BODY = YES;
				CLANG_WARN_ENUM_CONVERSION = YES;
				CLANG_WARN_INT_CONVERSION = YES;
				CLANG_WARN_OBJC_ROOT_CLASS = YES_ERROR;
				CLANG_WARN_UNREACHABLE_CODE = YES;
				CLANG_WARN__DUPLICATE_METHOD_MATCH = YES;
				"CODE_SIGN_IDENTITY[sdk=iphoneos*]" = "iPhone Developer";
				COPY_PHASE_STRIP = NO;
				DEBUG_INFORMATION_FORMAT = "dwarf-with-dsym";
				ENABLE_NS_ASSERTIONS = NO;
				ENABLE_STRICT_OBJC_MSGSEND = YES;
				GCC_C_LANGUAGE_STANDARD = gnu99;
				GCC_NO_COMMON_BLOCKS = YES;
				GCC_WARN_64_TO_32_BIT_CONVERSION = YES;
				GCC_WARN_ABOUT_RETURN_TYPE = YES_ERROR;
				GCC_WARN_UNDECLARED_SELECTOR = YES;
				GCC_WARN_UNINITIALIZED_AUTOS = YES_AGGRESSIVE;
				GCC_WARN_UNUSED_FUNCTION = YES;
				GCC_WARN_UNUSED_VARIABLE = YES;
				IPHONEOS_DEPLOYMENT_TARGET = 9.3;
				MTL_ENABLE_DEBUG_INFO = NO;
				SDKROOT = iphoneos;
				TARGETED_DEVICE_FAMILY = "1,2";
				VALIDATE_PRODUCT = YES;
			};
			name = Release;
		};
		D047CB9A1D3242B60071F26E /* Debug */ = {
			isa = XCBuildConfiguration;
			buildSettings = {
				ASSETCATALOG_COMPILER_APPICON_NAME = AppIcon;
				INFOPLIST_FILE = Calculator4FollowingLecture/Info.plist;
				LD_RUNPATH_SEARCH_PATHS = "$(inherited) @executable_path/Frameworks";
				PRODUCT_BUNDLE_IDENTIFIER = com.justinli.Calculator4FollowingLecture;
				PRODUCT_NAME = Calculator4FollowingLectureWithListOfTODOs;
			};
			name = Debug;
		};
		D047CB9B1D3242B60071F26E /* Release */ = {
			isa = XCBuildConfiguration;
			buildSettings = {
				ASSETCATALOG_COMPILER_APPICON_NAME = AppIcon;
				INFOPLIST_FILE = Calculator4FollowingLecture/Info.plist;
				LD_RUNPATH_SEARCH_PATHS = "$(inherited) @executable_path/Frameworks";
				PRODUCT_BUNDLE_IDENTIFIER = com.justinli.Calculator4FollowingLecture;
				PRODUCT_NAME = Calculator4FollowingLectureWithListOfTODOs;
			};
			name = Release;
		};
		D047CBA01D3242B60071F26E /* Debug */ = {
			isa = XCBuildConfiguration;
			buildSettings = {
				INFOPLIST_FILE = Calculator4FollowingLectureUITests/Info.plist;
				LD_RUNPATH_SEARCH_PATHS = "$(inherited) @executable_path/Frameworks @loader_path/Frameworks";
				PRODUCT_BUNDLE_IDENTIFIER = com.justinli.Calculator4FollowingLectureUITests;
				PRODUCT_NAME = Calculator4FollowingLectureWithListOfTODOs;
				PROVISIONING_PROFILE = "";
				TEST_TARGET_NAME = Calculator4FollowingLectureWithListOfTODOs;
			};
			name = Debug;
		};
		D047CBA11D3242B60071F26E /* Release */ = {
			isa = XCBuildConfiguration;
			buildSettings = {
				INFOPLIST_FILE = Calculator4FollowingLectureUITests/Info.plist;
				LD_RUNPATH_SEARCH_PATHS = "$(inherited) @executable_path/Frameworks @loader_path/Frameworks";
				PRODUCT_BUNDLE_IDENTIFIER = com.justinli.Calculator4FollowingLectureUITests;
				PRODUCT_NAME = Calculator4FollowingLectureWithListOfTODOs;
				PROVISIONING_PROFILE = "";
				TEST_TARGET_NAME = Calculator4FollowingLectureWithListOfTODOs;
			};
			name = Release;
		};
		D0938F421D3EFF5000FB3D38 /* Debug */ = {
			isa = XCBuildConfiguration;
			buildSettings = {
				BUNDLE_LOADER = "$(TEST_HOST)";
				INFOPLIST_FILE = Calculator4FollowingLectureWithListOfTODOsTests/Info.plist;
				LD_RUNPATH_SEARCH_PATHS = "$(inherited) @executable_path/Frameworks @loader_path/Frameworks";
				PRODUCT_BUNDLE_IDENTIFIER = com.justinli.Calculator4FollowingLectureWithListOfTODOsTests;
				PRODUCT_NAME = "$(TARGET_NAME)";
				TEST_HOST = "$(BUILT_PRODUCTS_DIR)/Calculator4FollowingLectureWithListOfTODOs.app/Calculator4FollowingLectureWithListOfTODOs";
			};
			name = Debug;
		};
		D0938F431D3EFF5000FB3D38 /* Release */ = {
			isa = XCBuildConfiguration;
			buildSettings = {
				BUNDLE_LOADER = "$(TEST_HOST)";
				INFOPLIST_FILE = Calculator4FollowingLectureWithListOfTODOsTests/Info.plist;
				LD_RUNPATH_SEARCH_PATHS = "$(inherited) @executable_path/Frameworks @loader_path/Frameworks";
				PRODUCT_BUNDLE_IDENTIFIER = com.justinli.Calculator4FollowingLectureWithListOfTODOsTests;
				PRODUCT_NAME = "$(TARGET_NAME)";
				TEST_HOST = "$(BUILT_PRODUCTS_DIR)/Calculator4FollowingLectureWithListOfTODOs.app/Calculator4FollowingLectureWithListOfTODOs";
			};
			name = Release;
		};
/* End XCBuildConfiguration section */

/* Begin XCConfigurationList section */
		D047CB6C1D3242B50071F26E /* Build configuration list for PBXProject "Calculator4FollowingLectureWithListOfTODOs" */ = {
			isa = XCConfigurationList;
			buildConfigurations = (
				D047CB971D3242B60071F26E /* Debug */,
				D047CB981D3242B60071F26E /* Release */,
			);
			defaultConfigurationIsVisible = 0;
			defaultConfigurationName = Release;
		};
		D047CB991D3242B60071F26E /* Build configuration list for PBXNativeTarget "Calculator4FollowingLectureWithListOfTODOs" */ = {
			isa = XCConfigurationList;
			buildConfigurations = (
				D047CB9A1D3242B60071F26E /* Debug */,
				D047CB9B1D3242B60071F26E /* Release */,
			);
			defaultConfigurationIsVisible = 0;
			defaultConfigurationName = Release;
		};
		D047CB9F1D3242B60071F26E /* Build configuration list for PBXNativeTarget "Calculator4FollowingLectureWithListOfTODOsUITests" */ = {
			isa = XCConfigurationList;
			buildConfigurations = (
				D047CBA01D3242B60071F26E /* Debug */,
				D047CBA11D3242B60071F26E /* Release */,
			);
			defaultConfigurationIsVisible = 0;
			defaultConfigurationName = Release;
		};
		D0938F411D3EFF5000FB3D38 /* Build configuration list for PBXNativeTarget "Calculator4FollowingLectureWithListOfTODOsTests" */ = {
			isa = XCConfigurationList;
			buildConfigurations = (
				D0938F421D3EFF5000FB3D38 /* Debug */,
				D0938F431D3EFF5000FB3D38 /* Release */,
			);
			defaultConfigurationIsVisible = 0;
			defaultConfigurationName = Release;
		};
/* End XCConfigurationList section */
	};
	rootObject = D047CB691D3242B50071F26E /* Project object */;
}
